version = 1
revision = 3
requires-python = ">=3.11"
resolution-markers = [
    "python_full_version >= '3.13' and sys_platform == 'win32'",
    "python_full_version >= '3.13' and sys_platform != 'win32'",
    "python_full_version == '3.12.*' and sys_platform == 'win32'",
    "python_full_version == '3.12.*' and sys_platform != 'win32'",
    "python_full_version < '3.12' and sys_platform == 'win32'",
    "python_full_version < '3.12' and sys_platform != 'win32'",
]

[[package]]
name = "pypdf"
version = "6.18.1"
source = { registry = "https://pypi.org/simple" }
sdist = { url = "https://files.pythonhosted.org/packages/4f/c2/e537e78a8282b51ed47031566be118debbc34c04782a9afd8739672eb07d/pypdf-6.18.1.tar.gz", hash = "sha256:2441fc839053745638d9b9ddb38ed66beed8d611f47a3036c9838fc4e3074dea", size = 7027577, upload-time = "2026-09-11T10:10:07.616Z" }
wheels = [
    { url = "https://files.pythonhosted.org/packages/58/13/645df3995075112cb3cce15e8797c205f0f88fb50acc11012b84b071bc22/pypdf-6.18.1-py3-none-any.whl", hash = "sha256:ee93a2665670ecf57ee81d197a4ca548f3dc15f9cefc56e59b8140866aaa3de5", size = 394327, upload-time = "2026-09-11T10:10:06.103Z" },
]

[[package]]
name = "research-store"
version = "0.2.0"
source = { editable = "." }
dependencies = [
    { name = "pypdf" },
]

[package.metadata]
requires-dist = [{ name = "pypdf", specifier = ">=6.0" }]
